Microsoft Visual Studio Solution File, Format Version 11.00
# Visual Studio 2008

Project("{3A9BADBC-9431-5F0D-43F3-90F137C06D2F}") = "Google Science Fair 6 copy 3", "Assembly-CSharp.csproj", "{133EA817-B8C8-301C-9CB6-5B743475182A}"
EndProject
Project("{3A9BADBC-9431-5F0D-43F3-90F137C06D2F}") = "Google Science Fair 6 copy 3", "Assembly-CSharp-Editor.csproj", "{2F2CDCBC-671C-3D98-E619-FE34BBAC5764}"
EndProject
Global
	GlobalSection(SolutionConfigurationPlatforms) = preSolution
		Debug|Any CPU = Debug|Any CPU
		Release|Any CPU = Release|Any CPU
	EndGlobalSection
	GlobalSection(ProjectConfigurationPlatforms) = postSolution
		{133EA817-B8C8-301C-9CB6-5B743475182A}.Debug|Any CPU.ActiveCfg = Debug|Any CPU
		{133EA817-B8C8-301C-9CB6-5B743475182A}.Debug|Any CPU.Build.0 = Debug|Any CPU
		{133EA817-B8C8-301C-9CB6-5B743475182A}.Release|Any CPU.ActiveCfg = Release|Any CPU
		{133EA817-B8C8-301C-9CB6-5B743475182A}.Release|Any CPU.Build.0 = Release|Any CPU
		{2F2CDCBC-671C-3D98-E619-FE34BBAC5764}.Debug|Any CPU.ActiveCfg = Debug|Any CPU
		{2F2CDCBC-671C-3D98-E619-FE34BBAC5764}.Debug|Any CPU.Build.0 = Debug|Any CPU
		{2F2CDCBC-671C-3D98-E619-FE34BBAC5764}.Release|Any CPU.ActiveCfg = Release|Any CPU
		{2F2CDCBC-671C-3D98-E619-FE34BBAC5764}.Release|Any CPU.Build.0 = Release|Any CPU
	EndGlobalSection
	GlobalSection(SolutionProperties) = preSolution
		HideSolutionNode = FALSE
	EndGlobalSection
	GlobalSection(MonoDevelopProperties) = preSolution
		StartupItem = Assembly-CSharp.csproj
	EndGlobalSection
EndGlobal
