Microsoft Visual Studio Solution File, Format Version 11.00
# Visual Studio 2008

Project("{EE12749F-3637-06DD-91EF-629EB956D11D}") = "Google Science Fair 6", "Assembly-CSharp.csproj", "{97277F24-7EBB-4CB1-7219-3909947EBBDC}"
EndProject
Project("{EE12749F-3637-06DD-91EF-629EB956D11D}") = "Google Science Fair 6", "Assembly-CSharp-Editor.csproj", "{115557FB-C840-2205-7E7B-1951C6BE5E61}"
EndProject
Global
	GlobalSection(SolutionConfigurationPlatforms) = preSolution
		Debug|Any CPU = Debug|Any CPU
		Release|Any CPU = Release|Any CPU
	EndGlobalSection
	GlobalSection(ProjectConfigurationPlatforms) = postSolution
		{97277F24-7EBB-4CB1-7219-3909947EBBDC}.Debug|Any CPU.ActiveCfg = Debug|Any CPU
		{97277F24-7EBB-4CB1-7219-3909947EBBDC}.Debug|Any CPU.Build.0 = Debug|Any CPU
		{97277F24-7EBB-4CB1-7219-3909947EBBDC}.Release|Any CPU.ActiveCfg = Release|Any CPU
		{97277F24-7EBB-4CB1-7219-3909947EBBDC}.Release|Any CPU.Build.0 = Release|Any CPU
		{115557FB-C840-2205-7E7B-1951C6BE5E61}.Debug|Any CPU.ActiveCfg = Debug|Any CPU
		{115557FB-C840-2205-7E7B-1951C6BE5E61}.Debug|Any CPU.Build.0 = Debug|Any CPU
		{115557FB-C840-2205-7E7B-1951C6BE5E61}.Release|Any CPU.ActiveCfg = Release|Any CPU
		{115557FB-C840-2205-7E7B-1951C6BE5E61}.Release|Any CPU.Build.0 = Release|Any CPU
	EndGlobalSection
	GlobalSection(SolutionProperties) = preSolution
		HideSolutionNode = FALSE
	EndGlobalSection
	GlobalSection(MonoDevelopProperties) = preSolution
		StartupItem = Assembly-CSharp.csproj
	EndGlobalSection
EndGlobal
