Microsoft Visual Studio Solution File, Format Version 11.00
# Visual Studio 2008

Project("{6382021A-DAFA-A413-27C6-CCFE73D81DD4}") = "Google Science Fair 16 copy2", "Assembly-CSharp.csproj", "{77E138B8-CE29-E8D5-2733-FD35683F22C2}"
EndProject
Project("{6382021A-DAFA-A413-27C6-CCFE73D81DD4}") = "Google Science Fair 16 copy2", "Assembly-CSharp-Editor.csproj", "{888E1DBB-81A7-D68F-1149-DFD8D2446E41}"
EndProject
Global
	GlobalSection(SolutionConfigurationPlatforms) = preSolution
		Debug|Any CPU = Debug|Any CPU
		Release|Any CPU = Release|Any CPU
	EndGlobalSection
	GlobalSection(ProjectConfigurationPlatforms) = postSolution
		{77E138B8-CE29-E8D5-2733-FD35683F22C2}.Debug|Any CPU.ActiveCfg = Debug|Any CPU
		{77E138B8-CE29-E8D5-2733-FD35683F22C2}.Debug|Any CPU.Build.0 = Debug|Any CPU
		{77E138B8-CE29-E8D5-2733-FD35683F22C2}.Release|Any CPU.ActiveCfg = Release|Any CPU
		{77E138B8-CE29-E8D5-2733-FD35683F22C2}.Release|Any CPU.Build.0 = Release|Any CPU
		{888E1DBB-81A7-D68F-1149-DFD8D2446E41}.Debug|Any CPU.ActiveCfg = Debug|Any CPU
		{888E1DBB-81A7-D68F-1149-DFD8D2446E41}.Debug|Any CPU.Build.0 = Debug|Any CPU
		{888E1DBB-81A7-D68F-1149-DFD8D2446E41}.Release|Any CPU.ActiveCfg = Release|Any CPU
		{888E1DBB-81A7-D68F-1149-DFD8D2446E41}.Release|Any CPU.Build.0 = Release|Any CPU
	EndGlobalSection
	GlobalSection(SolutionProperties) = preSolution
		HideSolutionNode = FALSE
	EndGlobalSection
	GlobalSection(MonoDevelopProperties) = preSolution
		StartupItem = Assembly-CSharp.csproj
	EndGlobalSection
EndGlobal
