Microsoft Visual Studio Solution File, Format Version 11.00
# Visual Studio 2008

Project("{25CFE1F1-1032-0083-5476-E0439D1E774F}") = "Google Science Fair 6 copy", "Assembly-CSharp.csproj", "{27C8614F-8134-56AC-21E0-56FA7BDF9040}"
EndProject
Project("{25CFE1F1-1032-0083-5476-E0439D1E774F}") = "Google Science Fair 6 copy", "Assembly-CSharp-Editor.csproj", "{766365E5-89AF-8599-126C-D0B463337227}"
EndProject
Global
	GlobalSection(SolutionConfigurationPlatforms) = preSolution
		Debug|Any CPU = Debug|Any CPU
		Release|Any CPU = Release|Any CPU
	EndGlobalSection
	GlobalSection(ProjectConfigurationPlatforms) = postSolution
		{27C8614F-8134-56AC-21E0-56FA7BDF9040}.Debug|Any CPU.ActiveCfg = Debug|Any CPU
		{27C8614F-8134-56AC-21E0-56FA7BDF9040}.Debug|Any CPU.Build.0 = Debug|Any CPU
		{27C8614F-8134-56AC-21E0-56FA7BDF9040}.Release|Any CPU.ActiveCfg = Release|Any CPU
		{27C8614F-8134-56AC-21E0-56FA7BDF9040}.Release|Any CPU.Build.0 = Release|Any CPU
		{766365E5-89AF-8599-126C-D0B463337227}.Debug|Any CPU.ActiveCfg = Debug|Any CPU
		{766365E5-89AF-8599-126C-D0B463337227}.Debug|Any CPU.Build.0 = Debug|Any CPU
		{766365E5-89AF-8599-126C-D0B463337227}.Release|Any CPU.ActiveCfg = Release|Any CPU
		{766365E5-89AF-8599-126C-D0B463337227}.Release|Any CPU.Build.0 = Release|Any CPU
	EndGlobalSection
	GlobalSection(SolutionProperties) = preSolution
		HideSolutionNode = FALSE
	EndGlobalSection
	GlobalSection(MonoDevelopProperties) = preSolution
		StartupItem = Assembly-CSharp.csproj
	EndGlobalSection
EndGlobal
