Microsoft Visual Studio Solution File, Format Version 11.00
# Visual Studio 2008

Project("{E1917BC8-6B10-A985-DC7F-11391CD60742}") = "Google Science Fair 12 copy 2", "Assembly-CSharp.csproj", "{A5326933-952C-AA13-0F7A-80B085CD6860}"
EndProject
Project("{E1917BC8-6B10-A985-DC7F-11391CD60742}") = "Google Science Fair 12 copy 2", "Assembly-CSharp-Editor.csproj", "{8974C476-AEE2-8642-741E-B21D8E594C33}"
EndProject
Global
	GlobalSection(SolutionConfigurationPlatforms) = preSolution
		Debug|Any CPU = Debug|Any CPU
		Release|Any CPU = Release|Any CPU
	EndGlobalSection
	GlobalSection(ProjectConfigurationPlatforms) = postSolution
		{A5326933-952C-AA13-0F7A-80B085CD6860}.Debug|Any CPU.ActiveCfg = Debug|Any CPU
		{A5326933-952C-AA13-0F7A-80B085CD6860}.Debug|Any CPU.Build.0 = Debug|Any CPU
		{A5326933-952C-AA13-0F7A-80B085CD6860}.Release|Any CPU.ActiveCfg = Release|Any CPU
		{A5326933-952C-AA13-0F7A-80B085CD6860}.Release|Any CPU.Build.0 = Release|Any CPU
		{8974C476-AEE2-8642-741E-B21D8E594C33}.Debug|Any CPU.ActiveCfg = Debug|Any CPU
		{8974C476-AEE2-8642-741E-B21D8E594C33}.Debug|Any CPU.Build.0 = Debug|Any CPU
		{8974C476-AEE2-8642-741E-B21D8E594C33}.Release|Any CPU.ActiveCfg = Release|Any CPU
		{8974C476-AEE2-8642-741E-B21D8E594C33}.Release|Any CPU.Build.0 = Release|Any CPU
	EndGlobalSection
	GlobalSection(SolutionProperties) = preSolution
		HideSolutionNode = FALSE
	EndGlobalSection
	GlobalSection(MonoDevelopProperties) = preSolution
		StartupItem = Assembly-CSharp.csproj
	EndGlobalSection
EndGlobal
