Microsoft Visual Studio Solution File, Format Version 11.00
# Visual Studio 2008

Project("{153D7265-A8F1-9F0B-D3D6-AE325322E295}") = "Google Science Fair 17 copy 2", "Assembly-CSharp.csproj", "{F041CD80-6A30-E04D-86EE-1A0BD70C4CE3}"
EndProject
Project("{153D7265-A8F1-9F0B-D3D6-AE325322E295}") = "Google Science Fair 17 copy 2", "Assembly-CSharp-Editor.csproj", "{20CFA13C-AFB7-25D1-5C04-6D7645BF9FC8}"
EndProject
Global
	GlobalSection(SolutionConfigurationPlatforms) = preSolution
		Debug|Any CPU = Debug|Any CPU
		Release|Any CPU = Release|Any CPU
	EndGlobalSection
	GlobalSection(ProjectConfigurationPlatforms) = postSolution
		{F041CD80-6A30-E04D-86EE-1A0BD70C4CE3}.Debug|Any CPU.ActiveCfg = Debug|Any CPU
		{F041CD80-6A30-E04D-86EE-1A0BD70C4CE3}.Debug|Any CPU.Build.0 = Debug|Any CPU
		{F041CD80-6A30-E04D-86EE-1A0BD70C4CE3}.Release|Any CPU.ActiveCfg = Release|Any CPU
		{F041CD80-6A30-E04D-86EE-1A0BD70C4CE3}.Release|Any CPU.Build.0 = Release|Any CPU
		{20CFA13C-AFB7-25D1-5C04-6D7645BF9FC8}.Debug|Any CPU.ActiveCfg = Debug|Any CPU
		{20CFA13C-AFB7-25D1-5C04-6D7645BF9FC8}.Debug|Any CPU.Build.0 = Debug|Any CPU
		{20CFA13C-AFB7-25D1-5C04-6D7645BF9FC8}.Release|Any CPU.ActiveCfg = Release|Any CPU
		{20CFA13C-AFB7-25D1-5C04-6D7645BF9FC8}.Release|Any CPU.Build.0 = Release|Any CPU
	EndGlobalSection
	GlobalSection(SolutionProperties) = preSolution
		HideSolutionNode = FALSE
	EndGlobalSection
	GlobalSection(MonoDevelopProperties) = preSolution
		StartupItem = Assembly-CSharp.csproj
	EndGlobalSection
EndGlobal
