Microsoft Visual Studio Solution File, Format Version 11.00
# Visual Studio 2008

Project("{7BD62C1A-BF0B-84DB-62C0-D1EEA87D5F3E}") = "Google Science Fair 22 copy 4", "Assembly-CSharp.csproj", "{59395E29-D0AB-2EFD-60E4-7D29F6A52621}"
EndProject
Project("{7BD62C1A-BF0B-84DB-62C0-D1EEA87D5F3E}") = "Google Science Fair 22 copy 4", "Assembly-CSharp-Editor.csproj", "{D6A2851A-D901-624E-81A8-FDDD929C6D98}"
EndProject
Global
	GlobalSection(SolutionConfigurationPlatforms) = preSolution
		Debug|Any CPU = Debug|Any CPU
		Release|Any CPU = Release|Any CPU
	EndGlobalSection
	GlobalSection(ProjectConfigurationPlatforms) = postSolution
		{59395E29-D0AB-2EFD-60E4-7D29F6A52621}.Debug|Any CPU.ActiveCfg = Debug|Any CPU
		{59395E29-D0AB-2EFD-60E4-7D29F6A52621}.Debug|Any CPU.Build.0 = Debug|Any CPU
		{59395E29-D0AB-2EFD-60E4-7D29F6A52621}.Release|Any CPU.ActiveCfg = Release|Any CPU
		{59395E29-D0AB-2EFD-60E4-7D29F6A52621}.Release|Any CPU.Build.0 = Release|Any CPU
		{D6A2851A-D901-624E-81A8-FDDD929C6D98}.Debug|Any CPU.ActiveCfg = Debug|Any CPU
		{D6A2851A-D901-624E-81A8-FDDD929C6D98}.Debug|Any CPU.Build.0 = Debug|Any CPU
		{D6A2851A-D901-624E-81A8-FDDD929C6D98}.Release|Any CPU.ActiveCfg = Release|Any CPU
		{D6A2851A-D901-624E-81A8-FDDD929C6D98}.Release|Any CPU.Build.0 = Release|Any CPU
	EndGlobalSection
	GlobalSection(SolutionProperties) = preSolution
		HideSolutionNode = FALSE
	EndGlobalSection
	GlobalSection(MonoDevelopProperties) = preSolution
		StartupItem = Assembly-CSharp.csproj
	EndGlobalSection
EndGlobal
