Microsoft Visual Studio Solution File, Format Version 11.00
# Visual Studio 2008

Project("{7AAD35A4-3A4D-6FF0-45FB-2040AEE12DD0}") = "Google Science Fair 25 (SciFair)", "Assembly-CSharp.csproj", "{00438DF4-D5DD-86E7-6B2C-BDFA3415756E}"
EndProject
Project("{7AAD35A4-3A4D-6FF0-45FB-2040AEE12DD0}") = "Google Science Fair 25 (SciFair)", "Assembly-CSharp-Editor.csproj", "{1219A83A-3CC3-4BF0-6213-3EA62EF0A7EF}"
EndProject
Global
	GlobalSection(SolutionConfigurationPlatforms) = preSolution
		Debug|Any CPU = Debug|Any CPU
		Release|Any CPU = Release|Any CPU
	EndGlobalSection
	GlobalSection(ProjectConfigurationPlatforms) = postSolution
		{00438DF4-D5DD-86E7-6B2C-BDFA3415756E}.Debug|Any CPU.ActiveCfg = Debug|Any CPU
		{00438DF4-D5DD-86E7-6B2C-BDFA3415756E}.Debug|Any CPU.Build.0 = Debug|Any CPU
		{00438DF4-D5DD-86E7-6B2C-BDFA3415756E}.Release|Any CPU.ActiveCfg = Release|Any CPU
		{00438DF4-D5DD-86E7-6B2C-BDFA3415756E}.Release|Any CPU.Build.0 = Release|Any CPU
		{1219A83A-3CC3-4BF0-6213-3EA62EF0A7EF}.Debug|Any CPU.ActiveCfg = Debug|Any CPU
		{1219A83A-3CC3-4BF0-6213-3EA62EF0A7EF}.Debug|Any CPU.Build.0 = Debug|Any CPU
		{1219A83A-3CC3-4BF0-6213-3EA62EF0A7EF}.Release|Any CPU.ActiveCfg = Release|Any CPU
		{1219A83A-3CC3-4BF0-6213-3EA62EF0A7EF}.Release|Any CPU.Build.0 = Release|Any CPU
	EndGlobalSection
	GlobalSection(SolutionProperties) = preSolution
		HideSolutionNode = FALSE
	EndGlobalSection
	GlobalSection(MonoDevelopProperties) = preSolution
		StartupItem = Assembly-CSharp.csproj
	EndGlobalSection
EndGlobal
