Microsoft Visual Studio Solution File, Format Version 11.00
# Visual Studio 2008

Project("{C2D6906E-90AD-C320-79BB-902EF7F8BA96}") = "Google Science Fair 24- web copy 2", "Assembly-CSharp.csproj", "{928A31AD-0091-D3B9-4CA8-8316CAC9391B}"
EndProject
Project("{C2D6906E-90AD-C320-79BB-902EF7F8BA96}") = "Google Science Fair 24- web copy 2", "Assembly-CSharp-Editor.csproj", "{40059BD9-926C-CCC7-8172-4E125D66ED5B}"
EndProject
Global
	GlobalSection(SolutionConfigurationPlatforms) = preSolution
		Debug|Any CPU = Debug|Any CPU
		Release|Any CPU = Release|Any CPU
	EndGlobalSection
	GlobalSection(ProjectConfigurationPlatforms) = postSolution
		{928A31AD-0091-D3B9-4CA8-8316CAC9391B}.Debug|Any CPU.ActiveCfg = Debug|Any CPU
		{928A31AD-0091-D3B9-4CA8-8316CAC9391B}.Debug|Any CPU.Build.0 = Debug|Any CPU
		{928A31AD-0091-D3B9-4CA8-8316CAC9391B}.Release|Any CPU.ActiveCfg = Release|Any CPU
		{928A31AD-0091-D3B9-4CA8-8316CAC9391B}.Release|Any CPU.Build.0 = Release|Any CPU
		{40059BD9-926C-CCC7-8172-4E125D66ED5B}.Debug|Any CPU.ActiveCfg = Debug|Any CPU
		{40059BD9-926C-CCC7-8172-4E125D66ED5B}.Debug|Any CPU.Build.0 = Debug|Any CPU
		{40059BD9-926C-CCC7-8172-4E125D66ED5B}.Release|Any CPU.ActiveCfg = Release|Any CPU
		{40059BD9-926C-CCC7-8172-4E125D66ED5B}.Release|Any CPU.Build.0 = Release|Any CPU
	EndGlobalSection
	GlobalSection(SolutionProperties) = preSolution
		HideSolutionNode = FALSE
	EndGlobalSection
	GlobalSection(MonoDevelopProperties) = preSolution
		StartupItem = Assembly-CSharp.csproj
	EndGlobalSection
EndGlobal
