Microsoft Visual Studio Solution File, Format Version 11.00
# Visual Studio 2008

Project("{6EE1735D-087C-839E-BF01-88861E828EB0}") = "Google Science Fair 19 copy 4", "Assembly-CSharp.csproj", "{DDD4919F-6FC6-62D4-91EA-4918D58ED03B}"
EndProject
Project("{6EE1735D-087C-839E-BF01-88861E828EB0}") = "Google Science Fair 19 copy 4", "Assembly-CSharp-Editor.csproj", "{E09D66A2-94B3-5789-E8B9-12EE426A394C}"
EndProject
Global
	GlobalSection(SolutionConfigurationPlatforms) = preSolution
		Debug|Any CPU = Debug|Any CPU
		Release|Any CPU = Release|Any CPU
	EndGlobalSection
	GlobalSection(ProjectConfigurationPlatforms) = postSolution
		{DDD4919F-6FC6-62D4-91EA-4918D58ED03B}.Debug|Any CPU.ActiveCfg = Debug|Any CPU
		{DDD4919F-6FC6-62D4-91EA-4918D58ED03B}.Debug|Any CPU.Build.0 = Debug|Any CPU
		{DDD4919F-6FC6-62D4-91EA-4918D58ED03B}.Release|Any CPU.ActiveCfg = Release|Any CPU
		{DDD4919F-6FC6-62D4-91EA-4918D58ED03B}.Release|Any CPU.Build.0 = Release|Any CPU
		{E09D66A2-94B3-5789-E8B9-12EE426A394C}.Debug|Any CPU.ActiveCfg = Debug|Any CPU
		{E09D66A2-94B3-5789-E8B9-12EE426A394C}.Debug|Any CPU.Build.0 = Debug|Any CPU
		{E09D66A2-94B3-5789-E8B9-12EE426A394C}.Release|Any CPU.ActiveCfg = Release|Any CPU
		{E09D66A2-94B3-5789-E8B9-12EE426A394C}.Release|Any CPU.Build.0 = Release|Any CPU
	EndGlobalSection
	GlobalSection(SolutionProperties) = preSolution
		HideSolutionNode = FALSE
	EndGlobalSection
	GlobalSection(MonoDevelopProperties) = preSolution
		StartupItem = Assembly-CSharp.csproj
	EndGlobalSection
EndGlobal
