Microsoft Visual Studio Solution File, Format Version 11.00
# Visual Studio 2008

Project("{E1D98099-EA64-3168-A1FF-32E312B93130}") = "Google Science Fair 23 copy 2", "Assembly-CSharp.csproj", "{09CF7BAB-BCA5-552E-2016-5B32EAC4776C}"
EndProject
Project("{E1D98099-EA64-3168-A1FF-32E312B93130}") = "Google Science Fair 23 copy 2", "Assembly-CSharp-Editor.csproj", "{81487128-6123-B640-F839-057A0BE26C7E}"
EndProject
Global
	GlobalSection(SolutionConfigurationPlatforms) = preSolution
		Debug|Any CPU = Debug|Any CPU
		Release|Any CPU = Release|Any CPU
	EndGlobalSection
	GlobalSection(ProjectConfigurationPlatforms) = postSolution
		{09CF7BAB-BCA5-552E-2016-5B32EAC4776C}.Debug|Any CPU.ActiveCfg = Debug|Any CPU
		{09CF7BAB-BCA5-552E-2016-5B32EAC4776C}.Debug|Any CPU.Build.0 = Debug|Any CPU
		{09CF7BAB-BCA5-552E-2016-5B32EAC4776C}.Release|Any CPU.ActiveCfg = Release|Any CPU
		{09CF7BAB-BCA5-552E-2016-5B32EAC4776C}.Release|Any CPU.Build.0 = Release|Any CPU
		{81487128-6123-B640-F839-057A0BE26C7E}.Debug|Any CPU.ActiveCfg = Debug|Any CPU
		{81487128-6123-B640-F839-057A0BE26C7E}.Debug|Any CPU.Build.0 = Debug|Any CPU
		{81487128-6123-B640-F839-057A0BE26C7E}.Release|Any CPU.ActiveCfg = Release|Any CPU
		{81487128-6123-B640-F839-057A0BE26C7E}.Release|Any CPU.Build.0 = Release|Any CPU
	EndGlobalSection
	GlobalSection(SolutionProperties) = preSolution
		HideSolutionNode = FALSE
	EndGlobalSection
	GlobalSection(MonoDevelopProperties) = preSolution
		StartupItem = Assembly-CSharp.csproj
	EndGlobalSection
EndGlobal
