Microsoft Visual Studio Solution File, Format Version 11.00
# Visual Studio 2008

Project("{93985CD2-CC8C-4872-3A5C-3DC437D2D30C}") = "Google Science Fair8", "Assembly-CSharp.csproj", "{6BA6ABB4-57A2-ED6C-5F89-DBF756775B23}"
EndProject
Project("{93985CD2-CC8C-4872-3A5C-3DC437D2D30C}") = "Google Science Fair8", "Assembly-CSharp-Editor.csproj", "{F6C4A164-9101-6CC6-2BDD-D968E76DD43B}"
EndProject
Global
	GlobalSection(SolutionConfigurationPlatforms) = preSolution
		Debug|Any CPU = Debug|Any CPU
		Release|Any CPU = Release|Any CPU
	EndGlobalSection
	GlobalSection(ProjectConfigurationPlatforms) = postSolution
		{6BA6ABB4-57A2-ED6C-5F89-DBF756775B23}.Debug|Any CPU.ActiveCfg = Debug|Any CPU
		{6BA6ABB4-57A2-ED6C-5F89-DBF756775B23}.Debug|Any CPU.Build.0 = Debug|Any CPU
		{6BA6ABB4-57A2-ED6C-5F89-DBF756775B23}.Release|Any CPU.ActiveCfg = Release|Any CPU
		{6BA6ABB4-57A2-ED6C-5F89-DBF756775B23}.Release|Any CPU.Build.0 = Release|Any CPU
		{F6C4A164-9101-6CC6-2BDD-D968E76DD43B}.Debug|Any CPU.ActiveCfg = Debug|Any CPU
		{F6C4A164-9101-6CC6-2BDD-D968E76DD43B}.Debug|Any CPU.Build.0 = Debug|Any CPU
		{F6C4A164-9101-6CC6-2BDD-D968E76DD43B}.Release|Any CPU.ActiveCfg = Release|Any CPU
		{F6C4A164-9101-6CC6-2BDD-D968E76DD43B}.Release|Any CPU.Build.0 = Release|Any CPU
	EndGlobalSection
	GlobalSection(SolutionProperties) = preSolution
		HideSolutionNode = FALSE
	EndGlobalSection
	GlobalSection(MonoDevelopProperties) = preSolution
		StartupItem = Assembly-CSharp.csproj
	EndGlobalSection
EndGlobal
