Microsoft Visual Studio Solution File, Format Version 11.00
# Visual Studio 2008

Project("{CD9EE67F-5034-863F-2D67-CA01A064D632}") = "Google Science Fair 23 copy", "Assembly-CSharp.csproj", "{17C6E67D-8666-5866-1CC2-03380B5E7DAA}"
EndProject
Project("{CD9EE67F-5034-863F-2D67-CA01A064D632}") = "Google Science Fair 23 copy", "Assembly-CSharp-Editor.csproj", "{24FEFFF7-F454-29D6-AF9C-C6E91C1CDC0F}"
EndProject
Global
	GlobalSection(SolutionConfigurationPlatforms) = preSolution
		Debug|Any CPU = Debug|Any CPU
		Release|Any CPU = Release|Any CPU
	EndGlobalSection
	GlobalSection(ProjectConfigurationPlatforms) = postSolution
		{17C6E67D-8666-5866-1CC2-03380B5E7DAA}.Debug|Any CPU.ActiveCfg = Debug|Any CPU
		{17C6E67D-8666-5866-1CC2-03380B5E7DAA}.Debug|Any CPU.Build.0 = Debug|Any CPU
		{17C6E67D-8666-5866-1CC2-03380B5E7DAA}.Release|Any CPU.ActiveCfg = Release|Any CPU
		{17C6E67D-8666-5866-1CC2-03380B5E7DAA}.Release|Any CPU.Build.0 = Release|Any CPU
		{24FEFFF7-F454-29D6-AF9C-C6E91C1CDC0F}.Debug|Any CPU.ActiveCfg = Debug|Any CPU
		{24FEFFF7-F454-29D6-AF9C-C6E91C1CDC0F}.Debug|Any CPU.Build.0 = Debug|Any CPU
		{24FEFFF7-F454-29D6-AF9C-C6E91C1CDC0F}.Release|Any CPU.ActiveCfg = Release|Any CPU
		{24FEFFF7-F454-29D6-AF9C-C6E91C1CDC0F}.Release|Any CPU.Build.0 = Release|Any CPU
	EndGlobalSection
	GlobalSection(SolutionProperties) = preSolution
		HideSolutionNode = FALSE
	EndGlobalSection
	GlobalSection(MonoDevelopProperties) = preSolution
		StartupItem = Assembly-CSharp.csproj
	EndGlobalSection
EndGlobal
