Microsoft Visual Studio Solution File, Format Version 11.00
# Visual Studio 2008

Project("{90DA479C-2E59-0726-B1C9-E7A407922C51}") = "Google Science Fair 20", "Assembly-CSharp.csproj", "{EF6E1D97-4075-5D1D-8193-0FDC7F342940}"
EndProject
Project("{90DA479C-2E59-0726-B1C9-E7A407922C51}") = "Google Science Fair 20", "Assembly-CSharp-Editor.csproj", "{EFDEC091-30FF-B821-B421-4B26398830E3}"
EndProject
Global
	GlobalSection(SolutionConfigurationPlatforms) = preSolution
		Debug|Any CPU = Debug|Any CPU
		Release|Any CPU = Release|Any CPU
	EndGlobalSection
	GlobalSection(ProjectConfigurationPlatforms) = postSolution
		{EF6E1D97-4075-5D1D-8193-0FDC7F342940}.Debug|Any CPU.ActiveCfg = Debug|Any CPU
		{EF6E1D97-4075-5D1D-8193-0FDC7F342940}.Debug|Any CPU.Build.0 = Debug|Any CPU
		{EF6E1D97-4075-5D1D-8193-0FDC7F342940}.Release|Any CPU.ActiveCfg = Release|Any CPU
		{EF6E1D97-4075-5D1D-8193-0FDC7F342940}.Release|Any CPU.Build.0 = Release|Any CPU
		{EFDEC091-30FF-B821-B421-4B26398830E3}.Debug|Any CPU.ActiveCfg = Debug|Any CPU
		{EFDEC091-30FF-B821-B421-4B26398830E3}.Debug|Any CPU.Build.0 = Debug|Any CPU
		{EFDEC091-30FF-B821-B421-4B26398830E3}.Release|Any CPU.ActiveCfg = Release|Any CPU
		{EFDEC091-30FF-B821-B421-4B26398830E3}.Release|Any CPU.Build.0 = Release|Any CPU
	EndGlobalSection
	GlobalSection(SolutionProperties) = preSolution
		HideSolutionNode = FALSE
	EndGlobalSection
	GlobalSection(MonoDevelopProperties) = preSolution
		StartupItem = Assembly-CSharp.csproj
	EndGlobalSection
EndGlobal
