Microsoft Visual Studio Solution File, Format Version 11.00
# Visual Studio 2008

Project("{86C8892D-4C4A-7978-BA3B-6800EB3033C1}") = "Google Science Fair 2", "Assembly-CSharp.csproj", "{8498D258-5CEE-5407-F2B0-DB42477B110D}"
EndProject
Project("{86C8892D-4C4A-7978-BA3B-6800EB3033C1}") = "Google Science Fair 2", "Assembly-CSharp-Editor.csproj", "{A4169EFF-8009-508A-A5F2-0435FC8451B4}"
EndProject
Global
	GlobalSection(SolutionConfigurationPlatforms) = preSolution
		Debug|Any CPU = Debug|Any CPU
		Release|Any CPU = Release|Any CPU
	EndGlobalSection
	GlobalSection(ProjectConfigurationPlatforms) = postSolution
		{8498D258-5CEE-5407-F2B0-DB42477B110D}.Debug|Any CPU.ActiveCfg = Debug|Any CPU
		{8498D258-5CEE-5407-F2B0-DB42477B110D}.Debug|Any CPU.Build.0 = Debug|Any CPU
		{8498D258-5CEE-5407-F2B0-DB42477B110D}.Release|Any CPU.ActiveCfg = Release|Any CPU
		{8498D258-5CEE-5407-F2B0-DB42477B110D}.Release|Any CPU.Build.0 = Release|Any CPU
		{A4169EFF-8009-508A-A5F2-0435FC8451B4}.Debug|Any CPU.ActiveCfg = Debug|Any CPU
		{A4169EFF-8009-508A-A5F2-0435FC8451B4}.Debug|Any CPU.Build.0 = Debug|Any CPU
		{A4169EFF-8009-508A-A5F2-0435FC8451B4}.Release|Any CPU.ActiveCfg = Release|Any CPU
		{A4169EFF-8009-508A-A5F2-0435FC8451B4}.Release|Any CPU.Build.0 = Release|Any CPU
	EndGlobalSection
	GlobalSection(SolutionProperties) = preSolution
		HideSolutionNode = FALSE
	EndGlobalSection
	GlobalSection(MonoDevelopProperties) = preSolution
		StartupItem = Assembly-CSharp.csproj
	EndGlobalSection
EndGlobal
