Microsoft Visual Studio Solution File, Format Version 11.00
# Visual Studio 2008

Project("{DDB0D5CC-6507-E1A2-AEA6-7D8E010E9AD5}") = "Google Science Fair 20 copy", "Assembly-CSharp.csproj", "{9C84D28F-1F21-2CC3-07FE-026E8F0FF47F}"
EndProject
Project("{DDB0D5CC-6507-E1A2-AEA6-7D8E010E9AD5}") = "Google Science Fair 20 copy", "Assembly-CSharp-Editor.csproj", "{0B7EDAD0-DD6C-BACA-968A-7A2627A8E178}"
EndProject
Global
	GlobalSection(SolutionConfigurationPlatforms) = preSolution
		Debug|Any CPU = Debug|Any CPU
		Release|Any CPU = Release|Any CPU
	EndGlobalSection
	GlobalSection(ProjectConfigurationPlatforms) = postSolution
		{9C84D28F-1F21-2CC3-07FE-026E8F0FF47F}.Debug|Any CPU.ActiveCfg = Debug|Any CPU
		{9C84D28F-1F21-2CC3-07FE-026E8F0FF47F}.Debug|Any CPU.Build.0 = Debug|Any CPU
		{9C84D28F-1F21-2CC3-07FE-026E8F0FF47F}.Release|Any CPU.ActiveCfg = Release|Any CPU
		{9C84D28F-1F21-2CC3-07FE-026E8F0FF47F}.Release|Any CPU.Build.0 = Release|Any CPU
		{0B7EDAD0-DD6C-BACA-968A-7A2627A8E178}.Debug|Any CPU.ActiveCfg = Debug|Any CPU
		{0B7EDAD0-DD6C-BACA-968A-7A2627A8E178}.Debug|Any CPU.Build.0 = Debug|Any CPU
		{0B7EDAD0-DD6C-BACA-968A-7A2627A8E178}.Release|Any CPU.ActiveCfg = Release|Any CPU
		{0B7EDAD0-DD6C-BACA-968A-7A2627A8E178}.Release|Any CPU.Build.0 = Release|Any CPU
	EndGlobalSection
	GlobalSection(SolutionProperties) = preSolution
		HideSolutionNode = FALSE
	EndGlobalSection
	GlobalSection(MonoDevelopProperties) = preSolution
		StartupItem = Assembly-CSharp.csproj
	EndGlobalSection
EndGlobal
