Microsoft Visual Studio Solution File, Format Version 11.00
# Visual Studio 2008

Project("{C9689C5E-2755-C80F-7AAC-0AAF6F70BC29}") = "Google Science Fair 3 copy", "Assembly-CSharp.csproj", "{CFEEC1AF-2DDA-8788-18BF-8E884040F29A}"
EndProject
Project("{C9689C5E-2755-C80F-7AAC-0AAF6F70BC29}") = "Google Science Fair 3 copy", "Assembly-CSharp-Editor.csproj", "{1A6522D0-2A6B-B7E9-CFD2-2CC912C0818D}"
EndProject
Global
	GlobalSection(SolutionConfigurationPlatforms) = preSolution
		Debug|Any CPU = Debug|Any CPU
		Release|Any CPU = Release|Any CPU
	EndGlobalSection
	GlobalSection(ProjectConfigurationPlatforms) = postSolution
		{CFEEC1AF-2DDA-8788-18BF-8E884040F29A}.Debug|Any CPU.ActiveCfg = Debug|Any CPU
		{CFEEC1AF-2DDA-8788-18BF-8E884040F29A}.Debug|Any CPU.Build.0 = Debug|Any CPU
		{CFEEC1AF-2DDA-8788-18BF-8E884040F29A}.Release|Any CPU.ActiveCfg = Release|Any CPU
		{CFEEC1AF-2DDA-8788-18BF-8E884040F29A}.Release|Any CPU.Build.0 = Release|Any CPU
		{1A6522D0-2A6B-B7E9-CFD2-2CC912C0818D}.Debug|Any CPU.ActiveCfg = Debug|Any CPU
		{1A6522D0-2A6B-B7E9-CFD2-2CC912C0818D}.Debug|Any CPU.Build.0 = Debug|Any CPU
		{1A6522D0-2A6B-B7E9-CFD2-2CC912C0818D}.Release|Any CPU.ActiveCfg = Release|Any CPU
		{1A6522D0-2A6B-B7E9-CFD2-2CC912C0818D}.Release|Any CPU.Build.0 = Release|Any CPU
	EndGlobalSection
	GlobalSection(SolutionProperties) = preSolution
		HideSolutionNode = FALSE
	EndGlobalSection
	GlobalSection(MonoDevelopProperties) = preSolution
		StartupItem = Assembly-CSharp.csproj
	EndGlobalSection
EndGlobal
