Microsoft Visual Studio Solution File, Format Version 11.00
# Visual Studio 2008

Project("{38AC33A7-FA7E-FA33-2904-7F4A54133870}") = "Google Science Fair 10 copy", "Assembly-CSharp.csproj", "{344944D1-1ECF-57A2-0CF6-6B068AC043C5}"
EndProject
Project("{38AC33A7-FA7E-FA33-2904-7F4A54133870}") = "Google Science Fair 10 copy", "Assembly-CSharp-Editor.csproj", "{2E903995-9F88-BF47-ED50-E92B0C208FD2}"
EndProject
Global
	GlobalSection(SolutionConfigurationPlatforms) = preSolution
		Debug|Any CPU = Debug|Any CPU
		Release|Any CPU = Release|Any CPU
	EndGlobalSection
	GlobalSection(ProjectConfigurationPlatforms) = postSolution
		{344944D1-1ECF-57A2-0CF6-6B068AC043C5}.Debug|Any CPU.ActiveCfg = Debug|Any CPU
		{344944D1-1ECF-57A2-0CF6-6B068AC043C5}.Debug|Any CPU.Build.0 = Debug|Any CPU
		{344944D1-1ECF-57A2-0CF6-6B068AC043C5}.Release|Any CPU.ActiveCfg = Release|Any CPU
		{344944D1-1ECF-57A2-0CF6-6B068AC043C5}.Release|Any CPU.Build.0 = Release|Any CPU
		{2E903995-9F88-BF47-ED50-E92B0C208FD2}.Debug|Any CPU.ActiveCfg = Debug|Any CPU
		{2E903995-9F88-BF47-ED50-E92B0C208FD2}.Debug|Any CPU.Build.0 = Debug|Any CPU
		{2E903995-9F88-BF47-ED50-E92B0C208FD2}.Release|Any CPU.ActiveCfg = Release|Any CPU
		{2E903995-9F88-BF47-ED50-E92B0C208FD2}.Release|Any CPU.Build.0 = Release|Any CPU
	EndGlobalSection
	GlobalSection(SolutionProperties) = preSolution
		HideSolutionNode = FALSE
	EndGlobalSection
	GlobalSection(MonoDevelopProperties) = preSolution
		StartupItem = Assembly-CSharp.csproj
	EndGlobalSection
EndGlobal
