Microsoft Visual Studio Solution File, Format Version 11.00
# Visual Studio 2008

Project("{E8048A43-A9A0-BEA3-2A1A-B1BBC788123E}") = "Google Science Fair 6 copy 5", "Assembly-CSharp.csproj", "{9FB38934-9D4F-3141-180D-454B1E8A2357}"
EndProject
Project("{E8048A43-A9A0-BEA3-2A1A-B1BBC788123E}") = "Google Science Fair 6 copy 5", "Assembly-CSharp-Editor.csproj", "{D0B64F72-71C8-2AB1-9651-0E20CEBA467C}"
EndProject
Global
	GlobalSection(SolutionConfigurationPlatforms) = preSolution
		Debug|Any CPU = Debug|Any CPU
		Release|Any CPU = Release|Any CPU
	EndGlobalSection
	GlobalSection(ProjectConfigurationPlatforms) = postSolution
		{9FB38934-9D4F-3141-180D-454B1E8A2357}.Debug|Any CPU.ActiveCfg = Debug|Any CPU
		{9FB38934-9D4F-3141-180D-454B1E8A2357}.Debug|Any CPU.Build.0 = Debug|Any CPU
		{9FB38934-9D4F-3141-180D-454B1E8A2357}.Release|Any CPU.ActiveCfg = Release|Any CPU
		{9FB38934-9D4F-3141-180D-454B1E8A2357}.Release|Any CPU.Build.0 = Release|Any CPU
		{D0B64F72-71C8-2AB1-9651-0E20CEBA467C}.Debug|Any CPU.ActiveCfg = Debug|Any CPU
		{D0B64F72-71C8-2AB1-9651-0E20CEBA467C}.Debug|Any CPU.Build.0 = Debug|Any CPU
		{D0B64F72-71C8-2AB1-9651-0E20CEBA467C}.Release|Any CPU.ActiveCfg = Release|Any CPU
		{D0B64F72-71C8-2AB1-9651-0E20CEBA467C}.Release|Any CPU.Build.0 = Release|Any CPU
	EndGlobalSection
	GlobalSection(SolutionProperties) = preSolution
		HideSolutionNode = FALSE
	EndGlobalSection
	GlobalSection(MonoDevelopProperties) = preSolution
		StartupItem = Assembly-CSharp.csproj
	EndGlobalSection
EndGlobal
